// !$*UTF8*$!
{
	archiveVersion = 1;
	classes = {
	};
	objectVersion = 52;
	objects = {

/* Begin PBXBuildFile section */
		825530FD263DB41900C8426A /* FullScreenImageController.swift in Sources */ = {isa = PBXBuildFile; fileRef = 825530FC263DB41900C8426A /* FullScreenImageController.swift */; };
		8255310A263DB94B00C8426A /* FullScreenImageView.swift in Sources */ = {isa = PBXBuildFile; fileRef = 82553109263DB94B00C8426A /* FullScreenImageView.swift */; };
		825E29D3263D2349007007A6 /* ImgurModelGeneric.swift in Sources */ = {isa = PBXBuildFile; fileRef = 825E29D2263D2349007007A6 /* ImgurModelGeneric.swift */; };
		825E29D5263D2BDF007007A6 /* ImgurErrorModel.swift in Sources */ = {isa = PBXBuildFile; fileRef = 825E29D4263D2BDF007007A6 /* ImgurErrorModel.swift */; };
		82890279263CC2C000BDF99A /* AppDelegate.swift in Sources */ = {isa = PBXBuildFile; fileRef = 82890278263CC2C000BDF99A /* AppDelegate.swift */; };
		8289027D263CC2C000BDF99A /* ViewController.swift in Sources */ = {isa = PBXBuildFile; fileRef = 8289027C263CC2C000BDF99A /* ViewController.swift */; };
		82890282263CC2C200BDF99A /* Assets.xcassets in Resources */ = {isa = PBXBuildFile; fileRef = 82890281263CC2C200BDF99A /* Assets.xcassets */; };
		82890285263CC2C200BDF99A /* LaunchScreen.storyboard in Resources */ = {isa = PBXBuildFile; fileRef = 82890283263CC2C200BDF99A /* LaunchScreen.storyboard */; };
		82890290263CC2C300BDF99A /* ImgurSearchAppTests.swift in Sources */ = {isa = PBXBuildFile; fileRef = 8289028F263CC2C300BDF99A /* ImgurSearchAppTests.swift */; };
		8289029B263CC2C300BDF99A /* ImgurSearchAppUITests.swift in Sources */ = {isa = PBXBuildFile; fileRef = 8289029A263CC2C300BDF99A /* ImgurSearchAppUITests.swift */; };
		828902B9263CC72700BDF99A /* ImageSearchController.swift in Sources */ = {isa = PBXBuildFile; fileRef = 828902B8263CC72700BDF99A /* ImageSearchController.swift */; };
		828902C7263CCB9100BDF99A /* ImageSearchView.swift in Sources */ = {isa = PBXBuildFile; fileRef = 828902C6263CCB9100BDF99A /* ImageSearchView.swift */; };
		828902CD263CCF5500BDF99A /* ImageCell.swift in Sources */ = {isa = PBXBuildFile; fileRef = 828902CC263CCF5500BDF99A /* ImageCell.swift */; };
		828902D4263CDD0B00BDF99A /* AlamofireImage in Frameworks */ = {isa = PBXBuildFile; productRef = 828902D3263CDD0B00BDF99A /* AlamofireImage */; };
		828902DC263CEE6400BDF99A /* ImgurService.swift in Sources */ = {isa = PBXBuildFile; fileRef = 828902DB263CEE6400BDF99A /* ImgurService.swift */; };
		828902E7263CEF7B00BDF99A /* ImageModel.swift in Sources */ = {isa = PBXBuildFile; fileRef = 828902E6263CEF7B00BDF99A /* ImageModel.swift */; };
		828902EC263CF02800BDF99A /* GalleryModel.swift in Sources */ = {isa = PBXBuildFile; fileRef = 828902EB263CF02800BDF99A /* GalleryModel.swift */; };
		82BF5F38263D041B001E9C8B /* BaseRequest.swift in Sources */ = {isa = PBXBuildFile; fileRef = 82BF5F31263D041B001E9C8B /* BaseRequest.swift */; };
		82BF5F39263D041B001E9C8B /* ApiError.swift in Sources */ = {isa = PBXBuildFile; fileRef = 82BF5F32263D041B001E9C8B /* ApiError.swift */; };
		82BF5F3A263D041B001E9C8B /* ImageEndpoint.swift in Sources */ = {isa = PBXBuildFile; fileRef = 82BF5F34263D041B001E9C8B /* ImageEndpoint.swift */; };
		82BF5F3B263D041B001E9C8B /* ApiConstants.swift in Sources */ = {isa = PBXBuildFile; fileRef = 82BF5F35263D041B001E9C8B /* ApiConstants.swift */; };
		82BF5F3C263D041B001E9C8B /* ImageApiLoader.swift in Sources */ = {isa = PBXBuildFile; fileRef = 82BF5F36263D041B001E9C8B /* ImageApiLoader.swift */; };
		82BF5F3D263D041B001E9C8B /* ApiHandler.swift in Sources */ = {isa = PBXBuildFile; fileRef = 82BF5F37263D041B001E9C8B /* ApiHandler.swift */; };
/* End PBXBuildFile section */

/* Begin PBXContainerItemProxy section */
		8289028C263CC2C300BDF99A /* PBXContainerItemProxy */ = {
			isa = PBXContainerItemProxy;
			containerPortal = 8289026D263CC2C000BDF99A /* Project object */;
			proxyType = 1;
			remoteGlobalIDString = 82890274263CC2C000BDF99A;
			remoteInfo = ImgurSearchApp;
		};
		82890297263CC2C300BDF99A /* PBXContainerItemProxy */ = {
			isa = PBXContainerItemProxy;
			containerPortal = 8289026D263CC2C000BDF99A /* Project object */;
			proxyType = 1;
			remoteGlobalIDString = 82890274263CC2C000BDF99A;
			remoteInfo = ImgurSearchApp;
		};
/* End PBXContainerItemProxy section */

/* Begin PBXFileReference section */
		825530FC263DB41900C8426A /* FullScreenImageController.swift */ = {isa = PBXFileReference; lastKnownFileType = sourcecode.swift; path = FullScreenImageController.swift; sourceTree = "<group>"; };
		82553109263DB94B00C8426A /* FullScreenImageView.swift */ = {isa = PBXFileReference; lastKnownFileType = sourcecode.swift; path = FullScreenImageView.swift; sourceTree = "<group>"; };
		825E29D2263D2349007007A6 /* ImgurModelGeneric.swift */ = {isa = PBXFileReference; lastKnownFileType = sourcecode.swift; path = ImgurModelGeneric.swift; sourceTree = "<group>"; };
		825E29D4263D2BDF007007A6 /* ImgurErrorModel.swift */ = {isa = PBXFileReference; lastKnownFileType = sourcecode.swift; path = ImgurErrorModel.swift; sourceTree = "<group>"; };
		82890275263CC2C000BDF99A /* ImgurSearchApp.app */ = {isa = PBXFileReference; explicitFileType = wrapper.application; includeInIndex = 0; path = ImgurSearchApp.app; sourceTree = BUILT_PRODUCTS_DIR; };
		82890278263CC2C000BDF99A /* AppDelegate.swift */ = {isa = PBXFileReference; lastKnownFileType = sourcecode.swift; path = AppDelegate.swift; sourceTree = "<group>"; };
		8289027C263CC2C000BDF99A /* ViewController.swift */ = {isa = PBXFileReference; lastKnownFileType = sourcecode.swift; path = ViewController.swift; sourceTree = "<group>"; };
		82890281263CC2C200BDF99A /* Assets.xcassets */ = {isa = PBXFileReference; lastKnownFileType = folder.assetcatalog; path = Assets.xcassets; sourceTree = "<group>"; };
		82890284263CC2C200BDF99A /* Base */ = {isa = PBXFileReference; lastKnownFileType = file.storyboard; name = Base; path = Base.lproj/LaunchScreen.storyboard; sourceTree = "<group>"; };
		82890286263CC2C200BDF99A /* Info.plist */ = {isa = PBXFileReference; lastKnownFileType = text.plist.xml; path = Info.plist; sourceTree = "<group>"; };
		8289028B263CC2C300BDF99A /* ImgurSearchAppTests.xctest */ = {isa = PBXFileReference; explicitFileType = wrapper.cfbundle; includeInIndex = 0; path = ImgurSearchAppTests.xctest; sourceTree = BUILT_PRODUCTS_DIR; };
		8289028F263CC2C300BDF99A /* ImgurSearchAppTests.swift */ = {isa = PBXFileReference; lastKnownFileType = sourcecode.swift; path = ImgurSearchAppTests.swift; sourceTree = "<group>"; };
		82890291263CC2C300BDF99A /* Info.plist */ = {isa = PBXFileReference; lastKnownFileType = text.plist.xml; path = Info.plist; sourceTree = "<group>"; };
		82890296263CC2C300BDF99A /* ImgurSearchAppUITests.xctest */ = {isa = PBXFileReference; explicitFileType = wrapper.cfbundle; includeInIndex = 0; path = ImgurSearchAppUITests.xctest; sourceTree = BUILT_PRODUCTS_DIR; };
		8289029A263CC2C300BDF99A /* ImgurSearchAppUITests.swift */ = {isa = PBXFileReference; lastKnownFileType = sourcecode.swift; path = ImgurSearchAppUITests.swift; sourceTree = "<group>"; };
		8289029C263CC2C300BDF99A /* Info.plist */ = {isa = PBXFileReference; lastKnownFileType = text.plist.xml; path = Info.plist; sourceTree = "<group>"; };
		828902B8263CC72700BDF99A /* ImageSearchController.swift */ = {isa = PBXFileReference; lastKnownFileType = sourcecode.swift; path = ImageSearchController.swift; sourceTree = "<group>"; };
		828902C6263CCB9100BDF99A /* ImageSearchView.swift */ = {isa = PBXFileReference; lastKnownFileType = sourcecode.swift; path = ImageSearchView.swift; sourceTree = "<group>"; };
		828902CC263CCF5500BDF99A /* ImageCell.swift */ = {isa = PBXFileReference; lastKnownFileType = sourcecode.swift; path = ImageCell.swift; sourceTree = "<group>"; };
		828902DB263CEE6400BDF99A /* ImgurService.swift */ = {isa = PBXFileReference; lastKnownFileType = sourcecode.swift; path = ImgurService.swift; sourceTree = "<group>"; };
		828902E6263CEF7B00BDF99A /* ImageModel.swift */ = {isa = PBXFileReference; lastKnownFileType = sourcecode.swift; path = ImageModel.swift; sourceTree = "<group>"; };
		828902EB263CF02800BDF99A /* GalleryModel.swift */ = {isa = PBXFileReference; lastKnownFileType = sourcecode.swift; path = GalleryModel.swift; sourceTree = "<group>"; };
		82BF5F31263D041B001E9C8B /* BaseRequest.swift */ = {isa = PBXFileReference; fileEncoding = 4; lastKnownFileType = sourcecode.swift; path = BaseRequest.swift; sourceTree = "<group>"; };
		82BF5F32263D041B001E9C8B /* ApiError.swift */ = {isa = PBXFileReference; fileEncoding = 4; lastKnownFileType = sourcecode.swift; path = ApiError.swift; sourceTree = "<group>"; };
		82BF5F34263D041B001E9C8B /* ImageEndpoint.swift */ = {isa = PBXFileReference; fileEncoding = 4; lastKnownFileType = sourcecode.swift; path = ImageEndpoint.swift; sourceTree = "<group>"; };
		82BF5F35263D041B001E9C8B /* ApiConstants.swift */ = {isa = PBXFileReference; fileEncoding = 4; lastKnownFileType = sourcecode.swift; path = ApiConstants.swift; sourceTree = "<group>"; };
		82BF5F36263D041B001E9C8B /* ImageApiLoader.swift */ = {isa = PBXFileReference; fileEncoding = 4; lastKnownFileType = sourcecode.swift; path = ImageApiLoader.swift; sourceTree = "<group>"; };
		82BF5F37263D041B001E9C8B /* ApiHandler.swift */ = {isa = PBXFileReference; fileEncoding = 4; lastKnownFileType = sourcecode.swift; path = ApiHandler.swift; sourceTree = "<group>"; };
/* End PBXFileReference section */

/* Begin PBXFrameworksBuildPhase section */
		82890272263CC2C000BDF99A /* Frameworks */ = {
			isa = PBXFrameworksBuildPhase;
			buildActionMask = 2147483647;
			files = (
				828902D4263CDD0B00BDF99A /* AlamofireImage in Frameworks */,
			);
			runOnlyForDeploymentPostprocessing = 0;
		};
		82890288263CC2C300BDF99A /* Frameworks */ = {
			isa = PBXFrameworksBuildPhase;
			buildActionMask = 2147483647;
			files = (
			);
			runOnlyForDeploymentPostprocessing = 0;
		};
		82890293263CC2C300BDF99A /* Frameworks */ = {
			isa = PBXFrameworksBuildPhase;
			buildActionMask = 2147483647;
			files = (
			);
			runOnlyForDeploymentPostprocessing = 0;
		};
/* End PBXFrameworksBuildPhase section */

/* Begin PBXGroup section */
		8289026C263CC2C000BDF99A = {
			isa = PBXGroup;
			children = (
				82890277263CC2C000BDF99A /* ImgurSearchApp */,
				8289028E263CC2C300BDF99A /* ImgurSearchAppTests */,
				82890299263CC2C300BDF99A /* ImgurSearchAppUITests */,
				82890276263CC2C000BDF99A /* Products */,
			);
			sourceTree = "<group>";
		};
		82890276263CC2C000BDF99A /* Products */ = {
			isa = PBXGroup;
			children = (
				82890275263CC2C000BDF99A /* ImgurSearchApp.app */,
				8289028B263CC2C300BDF99A /* ImgurSearchAppTests.xctest */,
				82890296263CC2C300BDF99A /* ImgurSearchAppUITests.xctest */,
			);
			name = Products;
			sourceTree = "<group>";
		};
		82890277263CC2C000BDF99A /* ImgurSearchApp */ = {
			isa = PBXGroup;
			children = (
				828902D8263CEE2B00BDF99A /* Networking */,
				828902AD263CC55800BDF99A /* Controllers */,
				828902AC263CC55400BDF99A /* Views */,
				828902AB263CC54E00BDF99A /* Models */,
				82890278263CC2C000BDF99A /* AppDelegate.swift */,
				8289027C263CC2C000BDF99A /* ViewController.swift */,
				82890281263CC2C200BDF99A /* Assets.xcassets */,
				82890283263CC2C200BDF99A /* LaunchScreen.storyboard */,
				82890286263CC2C200BDF99A /* Info.plist */,
			);
			path = ImgurSearchApp;
			sourceTree = "<group>";
		};
		8289028E263CC2C300BDF99A /* ImgurSearchAppTests */ = {
			isa = PBXGroup;
			children = (
				8289028F263CC2C300BDF99A /* ImgurSearchAppTests.swift */,
				82890291263CC2C300BDF99A /* Info.plist */,
			);
			path = ImgurSearchAppTests;
			sourceTree = "<group>";
		};
		82890299263CC2C300BDF99A /* ImgurSearchAppUITests */ = {
			isa = PBXGroup;
			children = (
				8289029A263CC2C300BDF99A /* ImgurSearchAppUITests.swift */,
				8289029C263CC2C300BDF99A /* Info.plist */,
			);
			path = ImgurSearchAppUITests;
			sourceTree = "<group>";
		};
		828902AB263CC54E00BDF99A /* Models */ = {
			isa = PBXGroup;
			children = (
				828902E6263CEF7B00BDF99A /* ImageModel.swift */,
				828902EB263CF02800BDF99A /* GalleryModel.swift */,
				825E29D2263D2349007007A6 /* ImgurModelGeneric.swift */,
				825E29D4263D2BDF007007A6 /* ImgurErrorModel.swift */,
			);
			path = Models;
			sourceTree = "<group>";
		};
		828902AC263CC55400BDF99A /* Views */ = {
			isa = PBXGroup;
			children = (
				828902CB263CCF4100BDF99A /* Cells */,
				828902C6263CCB9100BDF99A /* ImageSearchView.swift */,
				82553109263DB94B00C8426A /* FullScreenImageView.swift */,
			);
			path = Views;
			sourceTree = "<group>";
		};
		828902AD263CC55800BDF99A /* Controllers */ = {
			isa = PBXGroup;
			children = (
				828902B8263CC72700BDF99A /* ImageSearchController.swift */,
				825530FC263DB41900C8426A /* FullScreenImageController.swift */,
			);
			path = Controllers;
			sourceTree = "<group>";
		};
		828902CB263CCF4100BDF99A /* Cells */ = {
			isa = PBXGroup;
			children = (
				828902CC263CCF5500BDF99A /* ImageCell.swift */,
			);
			path = Cells;
			sourceTree = "<group>";
		};
		828902D8263CEE2B00BDF99A /* Networking */ = {
			isa = PBXGroup;
			children = (
				82BF5F30263D041B001E9C8B /* Api */,
				828902D9263CEE3900BDF99A /* Services */,
			);
			path = Networking;
			sourceTree = "<group>";
		};
		828902D9263CEE3900BDF99A /* Services */ = {
			isa = PBXGroup;
			children = (
				828902DB263CEE6400BDF99A /* ImgurService.swift */,
			);
			path = Services;
			sourceTree = "<group>";
		};
		82BF5F30263D041B001E9C8B /* Api */ = {
			isa = PBXGroup;
			children = (
				82BF5F33263D041B001E9C8B /* ApiEndpoints */,
				82BF5F31263D041B001E9C8B /* BaseRequest.swift */,
				82BF5F32263D041B001E9C8B /* ApiError.swift */,
				82BF5F35263D041B001E9C8B /* ApiConstants.swift */,
				82BF5F36263D041B001E9C8B /* ImageApiLoader.swift */,
				82BF5F37263D041B001E9C8B /* ApiHandler.swift */,
			);
			path = Api;
			sourceTree = "<group>";
		};
		82BF5F33263D041B001E9C8B /* ApiEndpoints */ = {
			isa = PBXGroup;
			children = (
				82BF5F34263D041B001E9C8B /* ImageEndpoint.swift */,
			);
			path = ApiEndpoints;
			sourceTree = "<group>";
		};
/* End PBXGroup section */

/* Begin PBXNativeTarget section */
		82890274263CC2C000BDF99A /* ImgurSearchApp */ = {
			isa = PBXNativeTarget;
			buildConfigurationList = 8289029F263CC2C300BDF99A /* Build configuration list for PBXNativeTarget "ImgurSearchApp" */;
			buildPhases = (
				82890271263CC2C000BDF99A /* Sources */,
				82890272263CC2C000BDF99A /* Frameworks */,
				82890273263CC2C000BDF99A /* Resources */,
			);
			buildRules = (
			);
			dependencies = (
			);
			name = ImgurSearchApp;
			packageProductDependencies = (
				828902D3263CDD0B00BDF99A /* AlamofireImage */,
			);
			productName = ImgurSearchApp;
			productReference = 82890275263CC2C000BDF99A /* ImgurSearchApp.app */;
			productType = "com.apple.product-type.application";
		};
		8289028A263CC2C300BDF99A /* ImgurSearchAppTests */ = {
			isa = PBXNativeTarget;
			buildConfigurationList = 828902A2263CC2C300BDF99A /* Build configuration list for PBXNativeTarget "ImgurSearchAppTests" */;
			buildPhases = (
				82890287263CC2C300BDF99A /* Sources */,
				82890288263CC2C300BDF99A /* Frameworks */,
				82890289263CC2C300BDF99A /* Resources */,
			);
			buildRules = (
			);
			dependencies = (
				8289028D263CC2C300BDF99A /* PBXTargetDependency */,
			);
			name = ImgurSearchAppTests;
			productName = ImgurSearchAppTests;
			productReference = 8289028B263CC2C300BDF99A /* ImgurSearchAppTests.xctest */;
			productType = "com.apple.product-type.bundle.unit-test";
		};
		82890295263CC2C300BDF99A /* ImgurSearchAppUITests */ = {
			isa = PBXNativeTarget;
			buildConfigurationList = 828902A5263CC2C300BDF99A /* Build configuration list for PBXNativeTarget "ImgurSearchAppUITests" */;
			buildPhases = (
				82890292263CC2C300BDF99A /* Sources */,
				82890293263CC2C300BDF99A /* Frameworks */,
				82890294263CC2C300BDF99A /* Resources */,
			);
			buildRules = (
			);
			dependencies = (
				82890298263CC2C300BDF99A /* PBXTargetDependency */,
			);
			name = ImgurSearchAppUITests;
			productName = ImgurSearchAppUITests;
			productReference = 82890296263CC2C300BDF99A /* ImgurSearchAppUITests.xctest */;
			productType = "com.apple.product-type.bundle.ui-testing";
		};
/* End PBXNativeTarget section */

/* Begin PBXProject section */
		8289026D263CC2C000BDF99A /* Project object */ = {
			isa = PBXProject;
			attributes = {
				LastSwiftUpdateCheck = 1240;
				LastUpgradeCheck = 1240;
				TargetAttributes = {
					82890274263CC2C000BDF99A = {
						CreatedOnToolsVersion = 12.4;
					};
					8289028A263CC2C300BDF99A = {
						CreatedOnToolsVersion = 12.4;
						TestTargetID = 82890274263CC2C000BDF99A;
					};
					82890295263CC2C300BDF99A = {
						CreatedOnToolsVersion = 12.4;
						TestTargetID = 82890274263CC2C000BDF99A;
					};
				};
			};
			buildConfigurationList = 82890270263CC2C000BDF99A /* Build configuration list for PBXProject "ImgurSearchApp" */;
			compatibilityVersion = "Xcode 9.3";
			developmentRegion = en;
			hasScannedForEncodings = 0;
			knownRegions = (
				en,
				Base,
			);
			mainGroup = 8289026C263CC2C000BDF99A;
			packageReferences = (
				828902D2263CDD0B00BDF99A /* XCRemoteSwiftPackageReference "AlamofireImage" */,
			);
			productRefGroup = 82890276263CC2C000BDF99A /* Products */;
			projectDirPath = "";
			projectRoot = "";
			targets = (
				82890274263CC2C000BDF99A /* ImgurSearchApp */,
				8289028A263CC2C300BDF99A /* ImgurSearchAppTests */,
				82890295263CC2C300BDF99A /* ImgurSearchAppUITests */,
			);
		};
/* End PBXProject section */

/* Begin PBXResourcesBuildPhase section */
		82890273263CC2C000BDF99A /* Resources */ = {
			isa = PBXResourcesBuildPhase;
			buildActionMask = 2147483647;
			files = (
				82890285263CC2C200BDF99A /* LaunchScreen.storyboard in Resources */,
				82890282263CC2C200BDF99A /* Assets.xcassets in Resources */,
			);
			runOnlyForDeploymentPostprocessing = 0;
		};
		82890289263CC2C300BDF99A /* Resources */ = {
			isa = PBXResourcesBuildPhase;
			buildActionMask = 2147483647;
			files = (
			);
			runOnlyForDeploymentPostprocessing = 0;
		};
		82890294263CC2C300BDF99A /* Resources */ = {
			isa = PBXResourcesBuildPhase;
			buildActionMask = 2147483647;
			files = (
			);
			runOnlyForDeploymentPostprocessing = 0;
		};
/* End PBXResourcesBuildPhase section */

/* Begin PBXSourcesBuildPhase section */
		82890271263CC2C000BDF99A /* Sources */ = {
			isa = PBXSourcesBuildPhase;
			buildActionMask = 2147483647;
			files = (
				828902DC263CEE6400BDF99A /* ImgurService.swift in Sources */,
				828902C7263CCB9100BDF99A /* ImageSearchView.swift in Sources */,
				825E29D3263D2349007007A6 /* ImgurModelGeneric.swift in Sources */,
				8289027D263CC2C000BDF99A /* ViewController.swift in Sources */,
				82BF5F39263D041B001E9C8B /* ApiError.swift in Sources */,
				828902B9263CC72700BDF99A /* ImageSearchController.swift in Sources */,
				82890279263CC2C000BDF99A /* AppDelegate.swift in Sources */,
				82BF5F3C263D041B001E9C8B /* ImageApiLoader.swift in Sources */,
				82BF5F3A263D041B001E9C8B /* ImageEndpoint.swift in Sources */,
				8255310A263DB94B00C8426A /* FullScreenImageView.swift in Sources */,
				825530FD263DB41900C8426A /* FullScreenImageController.swift in Sources */,
				828902CD263CCF5500BDF99A /* ImageCell.swift in Sources */,
				82BF5F3B263D041B001E9C8B /* ApiConstants.swift in Sources */,
				828902EC263CF02800BDF99A /* GalleryModel.swift in Sources */,
				82BF5F3D263D041B001E9C8B /* ApiHandler.swift in Sources */,
				828902E7263CEF7B00BDF99A /* ImageModel.swift in Sources */,
				82BF5F38263D041B001E9C8B /* BaseRequest.swift in Sources */,
				825E29D5263D2BDF007007A6 /* ImgurErrorModel.swift in Sources */,
			);
			runOnlyForDeploymentPostprocessing = 0;
		};
		82890287263CC2C300BDF99A /* Sources */ = {
			isa = PBXSourcesBuildPhase;
			buildActionMask = 2147483647;
			files = (
				82890290263CC2C300BDF99A /* ImgurSearchAppTests.swift in Sources */,
			);
			runOnlyForDeploymentPostprocessing = 0;
		};
		82890292263CC2C300BDF99A /* Sources */ = {
			isa = PBXSourcesBuildPhase;
			buildActionMask = 2147483647;
			files = (
				8289029B263CC2C300BDF99A /* ImgurSearchAppUITests.swift in Sources */,
			);
			runOnlyForDeploymentPostprocessing = 0;
		};
/* End PBXSourcesBuildPhase section */

/* Begin PBXTargetDependency section */
		8289028D263CC2C300BDF99A /* PBXTargetDependency */ = {
			isa = PBXTargetDependency;
			target = 82890274263CC2C000BDF99A /* ImgurSearchApp */;
			targetProxy = 8289028C263CC2C300BDF99A /* PBXContainerItemProxy */;
		};
		82890298263CC2C300BDF99A /* PBXTargetDependency */ = {
			isa = PBXTargetDependency;
			target = 82890274263CC2C000BDF99A /* ImgurSearchApp */;
			targetProxy = 82890297263CC2C300BDF99A /* PBXContainerItemProxy */;
		};
/* End PBXTargetDependency section */

/* Begin PBXVariantGroup section */
		82890283263CC2C200BDF99A /* LaunchScreen.storyboard */ = {
			isa = PBXVariantGroup;
			children = (
				82890284263CC2C200BDF99A /* Base */,
			);
			name = LaunchScreen.storyboard;
			sourceTree = "<group>";
		};
/* End PBXVariantGroup section */

/* Begin XCBuildConfiguration section */
		8289029D263CC2C300BDF99A /* Debug */ = {
			isa = XCBuildConfiguration;
			buildSettings = {
				ALWAYS_SEARCH_USER_PATHS = NO;
				CLANG_ANALYZER_NONNULL = YES;
				CLANG_ANALYZER_NUMBER_OBJECT_CONVERSION = YES_AGGRESSIVE;
				CLANG_CXX_LANGUAGE_STANDARD = "gnu++14";
				CLANG_CXX_LIBRARY = "libc++";
				CLANG_ENABLE_MODULES = YES;
				CLANG_ENABLE_OBJC_ARC = YES;
				CLANG_ENABLE_OBJC_WEAK = YES;
				CLANG_WARN_BLOCK_CAPTURE_AUTORELEASING = YES;
				CLANG_WARN_BOOL_CONVERSION = YES;
				CLANG_WARN_COMMA = YES;
				CLANG_WARN_CONSTANT_CONVERSION = YES;
				CLANG_WARN_DEPRECATED_OBJC_IMPLEMENTATIONS = YES;
				CLANG_WARN_DIRECT_OBJC_ISA_USAGE = YES_ERROR;
				CLANG_WARN_DOCUMENTATION_COMMENTS = YES;
				CLANG_WARN_EMPTY_BODY = YES;
				CLANG_WARN_ENUM_CONVERSION = YES;
				CLANG_WARN_INFINITE_RECURSION = YES;
				CLANG_WARN_INT_CONVERSION = YES;
				CLANG_WARN_NON_LITERAL_NULL_CONVERSION = YES;
				CLANG_WARN_OBJC_IMPLICIT_RETAIN_SELF = YES;
				CLANG_WARN_OBJC_LITERAL_CONVERSION = YES;
				CLANG_WARN_OBJC_ROOT_CLASS = YES_ERROR;
				CLANG_WARN_QUOTED_INCLUDE_IN_FRAMEWORK_HEADER = YES;
				CLANG_WARN_RANGE_LOOP_ANALYSIS = YES;
				CLANG_WARN_STRICT_PROTOTYPES = YES;
				CLANG_WARN_SUSPICIOUS_MOVE = YES;
				CLANG_WARN_UNGUARDED_AVAILABILITY = YES_AGGRESSIVE;
				CLANG_WARN_UNREACHABLE_CODE = YES;
				CLANG_WARN__DUPLICATE_METHOD_MATCH = YES;
				COPY_PHASE_STRIP = NO;
				DEBUG_INFORMATION_FORMAT = dwarf;
				ENABLE_STRICT_OBJC_MSGSEND = YES;
				ENABLE_TESTABILITY = YES;
				GCC_C_LANGUAGE_STANDARD = gnu11;
				GCC_DYNAMIC_NO_PIC = NO;
				GCC_NO_COMMON_BLOCKS = YES;
				GCC_OPTIMIZATION_LEVEL = 0;
				GCC_PREPROCESSOR_DEFINITIONS = (
					"DEBUG=1",
					"$(inherited)",
				);
				GCC_WARN_64_TO_32_BIT_CONVERSION = YES;
				GCC_WARN_ABOUT_RETURN_TYPE = YES_ERROR;
				GCC_WARN_UNDECLARED_SELECTOR = YES;
				GCC_WARN_UNINITIALIZED_AUTOS = YES_AGGRESSIVE;
				GCC_WARN_UNUSED_FUNCTION = YES;
				GCC_WARN_UNUSED_VARIABLE = YES;
				IPHONEOS_DEPLOYMENT_TARGET = 14.4;
				MTL_ENABLE_DEBUG_INFO = INCLUDE_SOURCE;
				MTL_FAST_MATH = YES;
				ONLY_ACTIVE_ARCH = YES;
				SDKROOT = iphoneos;
				SWIFT_ACTIVE_COMPILATION_CONDITIONS = DEBUG;
				SWIFT_OPTIMIZATION_LEVEL = "-Onone";
			};
			name = Debug;
		};
		8289029E263CC2C300BDF99A /* Release */ = {
			isa = XCBuildConfiguration;
			buildSettings = {
				ALWAYS_SEARCH_USER_PATHS = NO;
				CLANG_ANALYZER_NONNULL = YES;
				CLANG_ANALYZER_NUMBER_OBJECT_CONVERSION = YES_AGGRESSIVE;
				CLANG_CXX_LANGUAGE_STANDARD = "gnu++14";
				CLANG_CXX_LIBRARY = "libc++";
				CLANG_ENABLE_MODULES = YES;
				CLANG_ENABLE_OBJC_ARC = YES;
				CLANG_ENABLE_OBJC_WEAK = YES;
				CLANG_WARN_BLOCK_CAPTURE_AUTORELEASING = YES;
				CLANG_WARN_BOOL_CONVERSION = YES;
				CLANG_WARN_COMMA = YES;
				CLANG_WARN_CONSTANT_CONVERSION = YES;
				CLANG_WARN_DEPRECATED_OBJC_IMPLEMENTATIONS = YES;
				CLANG_WARN_DIRECT_OBJC_ISA_USAGE = YES_ERROR;
				CLANG_WARN_DOCUMENTATION_COMMENTS = YES;
				CLANG_WARN_EMPTY_BODY = YES;
				CLANG_WARN_ENUM_CONVERSION = YES;
				CLANG_WARN_INFINITE_RECURSION = YES;
				CLANG_WARN_INT_CONVERSION = YES;
				CLANG_WARN_NON_LITERAL_NULL_CONVERSION = YES;
				CLANG_WARN_OBJC_IMPLICIT_RETAIN_SELF = YES;
				CLANG_WARN_OBJC_LITERAL_CONVERSION = YES;
				CLANG_WARN_OBJC_ROOT_CLASS = YES_ERROR;
				CLANG_WARN_QUOTED_INCLUDE_IN_FRAMEWORK_HEADER = YES;
				CLANG_WARN_RANGE_LOOP_ANALYSIS = YES;
				CLANG_WARN_STRICT_PROTOTYPES = YES;
				CLANG_WARN_SUSPICIOUS_MOVE = YES;
				CLANG_WARN_UNGUARDED_AVAILABILITY = YES_AGGRESSIVE;
				CLANG_WARN_UNREACHABLE_CODE = YES;
				CLANG_WARN__DUPLICATE_METHOD_MATCH = YES;
				COPY_PHASE_STRIP = NO;
				DEBUG_INFORMATION_FORMAT = "dwarf-with-dsym";
				ENABLE_NS_ASSERTIONS = NO;
				ENABLE_STRICT_OBJC_MSGSEND = YES;
				GCC_C_LANGUAGE_STANDARD = gnu11;
				GCC_NO_COMMON_BLOCKS = YES;
				GCC_WARN_64_TO_32_BIT_CONVERSION = YES;
				GCC_WARN_ABOUT_RETURN_TYPE = YES_ERROR;
				GCC_WARN_UNDECLARED_SELECTOR = YES;
				GCC_WARN_UNINITIALIZED_AUTOS = YES_AGGRESSIVE;
				GCC_WARN_UNUSED_FUNCTION = YES;
				GCC_WARN_UNUSED_VARIABLE = YES;
				IPHONEOS_DEPLOYMENT_TARGET = 14.4;
				MTL_ENABLE_DEBUG_INFO = NO;
				MTL_FAST_MATH = YES;
				SDKROOT = iphoneos;
				SWIFT_COMPILATION_MODE = wholemodule;
				SWIFT_OPTIMIZATION_LEVEL = "-O";
				VALIDATE_PRODUCT = YES;
			};
			name = Release;
		};
		828902A0263CC2C300BDF99A /* Debug */ = {
			isa = XCBuildConfiguration;
			buildSettings = {
				ASSETCATALOG_COMPILER_APPICON_NAME = AppIcon;
				ASSETCATALOG_COMPILER_GLOBAL_ACCENT_COLOR_NAME = AccentColor;
				CODE_SIGN_STYLE = Automatic;
				DEVELOPMENT_TEAM = 8GD9JY8D5J;
				INFOPLIST_FILE = ImgurSearchApp/Info.plist;
				LD_RUNPATH_SEARCH_PATHS = (
					"$(inherited)",
					"@executable_path/Frameworks",
				);
				PRODUCT_BUNDLE_IDENTIFIER = GregPersonal.ImgurSearchApp;
				PRODUCT_NAME = "$(TARGET_NAME)";
				SWIFT_VERSION = 5.0;
				TARGETED_DEVICE_FAMILY = 1;
			};
			name = Debug;
		};
		828902A1263CC2C300BDF99A /* Release */ = {
			isa = XCBuildConfiguration;
			buildSettings = {
				ASSETCATALOG_COMPILER_APPICON_NAME = AppIcon;
				ASSETCATALOG_COMPILER_GLOBAL_ACCENT_COLOR_NAME = AccentColor;
				CODE_SIGN_STYLE = Automatic;
				DEVELOPMENT_TEAM = 8GD9JY8D5J;
				INFOPLIST_FILE = ImgurSearchApp/Info.plist;
				LD_RUNPATH_SEARCH_PATHS = (
					"$(inherited)",
					"@executable_path/Frameworks",
				);
				PRODUCT_BUNDLE_IDENTIFIER = GregPersonal.ImgurSearchApp;
				PRODUCT_NAME = "$(TARGET_NAME)";
				SWIFT_VERSION = 5.0;
				TARGETED_DEVICE_FAMILY = 1;
			};
			name = Release;
		};
		828902A3263CC2C300BDF99A /* Debug */ = {
			isa = XCBuildConfiguration;
			buildSettings = {
				ALWAYS_EMBED_SWIFT_STANDARD_LIBRARIES = YES;
				BUNDLE_LOADER = "$(TEST_HOST)";
				CODE_SIGN_STYLE = Automatic;
				DEVELOPMENT_TEAM = 8GD9JY8D5J;
				INFOPLIST_FILE = ImgurSearchAppTests/Info.plist;
				IPHONEOS_DEPLOYMENT_TARGET = 14.4;
				LD_RUNPATH_SEARCH_PATHS = (
					"$(inherited)",
					"@executable_path/Frameworks",
					"@loader_path/Frameworks",
				);
				PRODUCT_BUNDLE_IDENTIFIER = GregPersonal.ImgurSearchAppTests;
				PRODUCT_NAME = "$(TARGET_NAME)";
				SWIFT_VERSION = 5.0;
				TARGETED_DEVICE_FAMILY = "1,2";
				TEST_HOST = "$(BUILT_PRODUCTS_DIR)/ImgurSearchApp.app/ImgurSearchApp";
			};
			name = Debug;
		};
		828902A4263CC2C300BDF99A /* Release */ = {
			isa = XCBuildConfiguration;
			buildSettings = {
				ALWAYS_EMBED_SWIFT_STANDARD_LIBRARIES = YES;
				BUNDLE_LOADER = "$(TEST_HOST)";
				CODE_SIGN_STYLE = Automatic;
				DEVELOPMENT_TEAM = 8GD9JY8D5J;
				INFOPLIST_FILE = ImgurSearchAppTests/Info.plist;
				IPHONEOS_DEPLOYMENT_TARGET = 14.4;
				LD_RUNPATH_SEARCH_PATHS = (
					"$(inherited)",
					"@executable_path/Frameworks",
					"@loader_path/Frameworks",
				);
				PRODUCT_BUNDLE_IDENTIFIER = GregPersonal.ImgurSearchAppTests;
				PRODUCT_NAME = "$(TARGET_NAME)";
				SWIFT_VERSION = 5.0;
				TARGETED_DEVICE_FAMILY = "1,2";
				TEST_HOST = "$(BUILT_PRODUCTS_DIR)/ImgurSearchApp.app/ImgurSearchApp";
			};
			name = Release;
		};
		828902A6263CC2C300BDF99A /* Debug */ = {
			isa = XCBuildConfiguration;
			buildSettings = {
				ALWAYS_EMBED_SWIFT_STANDARD_LIBRARIES = YES;
				CODE_SIGN_STYLE = Automatic;
				DEVELOPMENT_TEAM = 8GD9JY8D5J;
				INFOPLIST_FILE = ImgurSearchAppUITests/Info.plist;
				LD_RUNPATH_SEARCH_PATHS = (
					"$(inherited)",
					"@executable_path/Frameworks",
					"@loader_path/Frameworks",
				);
				PRODUCT_BUNDLE_IDENTIFIER = GregPersonal.ImgurSearchAppUITests;
				PRODUCT_NAME = "$(TARGET_NAME)";
				SWIFT_VERSION = 5.0;
				TARGETED_DEVICE_FAMILY = "1,2";
				TEST_TARGET_NAME = ImgurSearchApp;
			};
			name = Debug;
		};
		828902A7263CC2C300BDF99A /* Release */ = {
			isa = XCBuildConfiguration;
			buildSettings = {
				ALWAYS_EMBED_SWIFT_STANDARD_LIBRARIES = YES;
				CODE_SIGN_STYLE = Automatic;
				DEVELOPMENT_TEAM = 8GD9JY8D5J;
				INFOPLIST_FILE = ImgurSearchAppUITests/Info.plist;
				LD_RUNPATH_SEARCH_PATHS = (
					"$(inherited)",
					"@executable_path/Frameworks",
					"@loader_path/Frameworks",
				);
				PRODUCT_BUNDLE_IDENTIFIER = GregPersonal.ImgurSearchAppUITests;
				PRODUCT_NAME = "$(TARGET_NAME)";
				SWIFT_VERSION = 5.0;
				TARGETED_DEVICE_FAMILY = "1,2";
				TEST_TARGET_NAME = ImgurSearchApp;
			};
			name = Release;
		};
/* End XCBuildConfiguration section */

/* Begin XCConfigurationList section */
		82890270263CC2C000BDF99A /* Build configuration list for PBXProject "ImgurSearchApp" */ = {
			isa = XCConfigurationList;
			buildConfigurations = (
				8289029D263CC2C300BDF99A /* Debug */,
				8289029E263CC2C300BDF99A /* Release */,
			);
			defaultConfigurationIsVisible = 0;
			defaultConfigurationName = Release;
		};
		8289029F263CC2C300BDF99A /* Build configuration list for PBXNativeTarget "ImgurSearchApp" */ = {
			isa = XCConfigurationList;
			buildConfigurations = (
				828902A0263CC2C300BDF99A /* Debug */,
				828902A1263CC2C300BDF99A /* Release */,
			);
			defaultConfigurationIsVisible = 0;
			defaultConfigurationName = Release;
		};
		828902A2263CC2C300BDF99A /* Build configuration list for PBXNativeTarget "ImgurSearchAppTests" */ = {
			isa = XCConfigurationList;
			buildConfigurations = (
				828902A3263CC2C300BDF99A /* Debug */,
				828902A4263CC2C300BDF99A /* Release */,
			);
			defaultConfigurationIsVisible = 0;
			defaultConfigurationName = Release;
		};
		828902A5263CC2C300BDF99A /* Build configuration list for PBXNativeTarget "ImgurSearchAppUITests" */ = {
			isa = XCConfigurationList;
			buildConfigurations = (
				828902A6263CC2C300BDF99A /* Debug */,
				828902A7263CC2C300BDF99A /* Release */,
			);
			defaultConfigurationIsVisible = 0;
			defaultConfigurationName = Release;
		};
/* End XCConfigurationList section */

/* Begin XCRemoteSwiftPackageReference section */
		828902D2263CDD0B00BDF99A /* XCRemoteSwiftPackageReference "AlamofireImage" */ = {
			isa = XCRemoteSwiftPackageReference;
			repositoryURL = "https://github.com/Alamofire/AlamofireImage.git";
			requirement = {
				kind = upToNextMajorVersion;
				minimumVersion = 4.2.0;
			};
		};
/* End XCRemoteSwiftPackageReference section */

/* Begin XCSwiftPackageProductDependency section */
		828902D3263CDD0B00BDF99A /* AlamofireImage */ = {
			isa = XCSwiftPackageProductDependency;
			package = 828902D2263CDD0B00BDF99A /* XCRemoteSwiftPackageReference "AlamofireImage" */;
			productName = AlamofireImage;
		};
/* End XCSwiftPackageProductDependency section */
	};
	rootObject = 8289026D263CC2C000BDF99A /* Project object */;
}
